Microsoft Visual Studio Solution File, Format Version 12.00
# Visual Studio Version 17
VisualStudioVersion = 17.5.2.0
MinimumVisualStudioVersion = 10.0.40219.1
Project("{FAE04EC0-301F-11D3-BF4B-00C04F79EFBC}") = "FinancePal", "FinancePal.csproj", "{BACC6470-3709-AF40-355E-02B1F95C7022}"
EndProject
Global
	GlobalSection(SolutionConfigurationPlatforms) = preSolution
		Debug|Any CPU = Debug|Any CPU
		Release|Any CPU = Release|Any CPU
	EndGlobalSection
	GlobalSection(ProjectConfigurationPlatforms) = postSolution
		{BACC6470-3709-AF40-355E-02B1F95C7022}.Debug|Any CPU.ActiveCfg = Debug|Any CPU
		{BACC6470-3709-AF40-355E-02B1F95C7022}.Debug|Any CPU.Build.0 = Debug|Any CPU
		{BACC6470-3709-AF40-355E-02B1F95C7022}.Release|Any CPU.ActiveCfg = Release|Any CPU
		{BACC6470-3709-AF40-355E-02B1F95C7022}.Release|Any CPU.Build.0 = Release|Any CPU
	EndGlobalSection
	GlobalSection(SolutionProperties) = preSolution
		HideSolutionNode = FALSE
	EndGlobalSection
	GlobalSection(ExtensibilityGlobals) = postSolution
		SolutionGuid = {CACEF313-03BC-4446-AEAA-6D1AB13FA36D}
	EndGlobalSection
EndGlobal
